
Microsoft Visual Studio Solution File, Format Version 12.00
# Visual Studio Version 16
VisualStudioVersion = 16.0.29806.167
MinimumVisualStudioVersion = 10.0.40219.1
Project("{8BC9CEB8-8B4A-11D0-8D11-00A0C91BC942}") = "MyBattleship", "MyBattleship\MyBattleship.vcxproj", "{43124929-4DD9-4849-9484-44A5E4F36BD3}"
EndProject
Global
	GlobalSection(SolutionConfigurationPlatforms) = preSolution
		Debug|x64 = Debug|x64
		Debug|x86 = Debug|x86
		Release|x64 = Release|x64
		Release|x86 = Release|x86
	EndGlobalSection
	GlobalSection(ProjectConfigurationPlatforms) = postSolution
		{43124929-4DD9-4849-9484-44A5E4F36BD3}.Debug|x64.ActiveCfg = Debug|x64
		{43124929-4DD9-4849-9484-44A5E4F36BD3}.Debug|x64.Build.0 = Debug|x64
		{43124929-4DD9-4849-9484-44A5E4F36BD3}.Debug|x86.ActiveCfg = Debug|Win32
		{43124929-4DD9-4849-9484-44A5E4F36BD3}.Debug|x86.Build.0 = Debug|Win32
		{43124929-4DD9-4849-9484-44A5E4F36BD3}.Release|x64.ActiveCfg = Release|x64
		{43124929-4DD9-4849-9484-44A5E4F36BD3}.Release|x64.Build.0 = Release|x64
		{43124929-4DD9-4849-9484-44A5E4F36BD3}.Release|x86.ActiveCfg = Release|Win32
		{43124929-4DD9-4849-9484-44A5E4F36BD3}.Release|x86.Build.0 = Release|Win32
	EndGlobalSection
	GlobalSection(SolutionProperties) = preSolution
		HideSolutionNode = FALSE
	EndGlobalSection
	GlobalSection(ExtensibilityGlobals) = postSolution
		SolutionGuid = {CF962664-16D3-4736-95CE-7A1A3838EA92}
	EndGlobalSection
EndGlobal
